// !$*UTF8*$!
{
	archiveVersion = 1;
	classes = {
	};
	objectVersion = 51;
	objects = {

/* Begin PBXBuildFile section */
		41EB0E2C297576B8AE7F3963 /* Pods_ClientVK.framework in Frameworks */ = {isa = PBXBuildFile; fileRef = E1A4365C21AB72E6BC19BFB8 /* Pods_ClientVK.framework */; };
		5826C1CF25F90200004B345A /* AlphabetPickerControl.swift in Sources */ = {isa = PBXBuildFile; fileRef = 5826C1CE25F90200004B345A /* AlphabetPickerControl.swift */; };
		5830FF74260204440027F5A1 /* NewsTableViewController.swift in Sources */ = {isa = PBXBuildFile; fileRef = 5830FF73260204440027F5A1 /* NewsTableViewController.swift */; };
		CE09933E25FD607F000D7B4F /* UITextFieldExtension.swift in Sources */ = {isa = PBXBuildFile; fileRef = CE09933D25FD607F000D7B4F /* UITextFieldExtension.swift */; };
		CE09934125FD6AA8000D7B4F /* UIViewExtension.swift in Sources */ = {isa = PBXBuildFile; fileRef = CE09934025FD6AA8000D7B4F /* UIViewExtension.swift */; };
		CE09934825FE7651000D7B4F /* CommunityTableViewCell.swift in Sources */ = {isa = PBXBuildFile; fileRef = CE09934625FE7651000D7B4F /* CommunityTableViewCell.swift */; };
		CE09934925FE7651000D7B4F /* CommunityTableViewCell.xib in Resources */ = {isa = PBXBuildFile; fileRef = CE09934725FE7651000D7B4F /* CommunityTableViewCell.xib */; };
		CE69B60E26A8AC0D008F4EEC /* UserPhotoAdapterModel.swift in Sources */ = {isa = PBXBuildFile; fileRef = CE69B60D26A8AC0C008F4EEC /* UserPhotoAdapterModel.swift */; };
		CE69B61026A8ACC9008F4EEC /* UserPhotoAdapter.swift in Sources */ = {isa = PBXBuildFile; fileRef = CE69B60F26A8ACC9008F4EEC /* UserPhotoAdapter.swift */; };
		CE69B61226A8B7E7008F4EEC /* UIColorExtension.swift in Sources */ = {isa = PBXBuildFile; fileRef = CE69B61126A8B7E7008F4EEC /* UIColorExtension.swift */; };
		CE71324C25E9818D00CE98BD /* FriendsTableViewController.swift in Sources */ = {isa = PBXBuildFile; fileRef = CE71324B25E9818D00CE98BD /* FriendsTableViewController.swift */; };
		CE73A6FD267F65DB00C849FF /* PhotoService.swift in Sources */ = {isa = PBXBuildFile; fileRef = CE73A6FC267F65DB00C849FF /* PhotoService.swift */; };
		CE783D292663F43B000BE8FB /* HeaderNewsTableViewCell.swift in Sources */ = {isa = PBXBuildFile; fileRef = CE783D272663F43B000BE8FB /* HeaderNewsTableViewCell.swift */; };
		CE783D2A2663F43B000BE8FB /* HeaderNewsTableViewCell.xib in Resources */ = {isa = PBXBuildFile; fileRef = CE783D282663F43B000BE8FB /* HeaderNewsTableViewCell.xib */; };
		CE783D2D2663F944000BE8FB /* TextNewsTableViewCell.swift in Sources */ = {isa = PBXBuildFile; fileRef = CE783D2B2663F944000BE8FB /* TextNewsTableViewCell.swift */; };
		CE783D2E2663F944000BE8FB /* TextNewsTableViewCell.xib in Resources */ = {isa = PBXBuildFile; fileRef = CE783D2C2663F944000BE8FB /* TextNewsTableViewCell.xib */; };
		CE783D312663FC01000BE8FB /* FooterNewsTableViewCell.swift in Sources */ = {isa = PBXBuildFile; fileRef = CE783D2F2663FC01000BE8FB /* FooterNewsTableViewCell.swift */; };
		CE783D322663FC01000BE8FB /* FooterNewsTableViewCell.xib in Resources */ = {isa = PBXBuildFile; fileRef = CE783D302663FC01000BE8FB /* FooterNewsTableViewCell.xib */; };
		CE783D352664006C000BE8FB /* PhotosTableViewCell.swift in Sources */ = {isa = PBXBuildFile; fileRef = CE783D332664006C000BE8FB /* PhotosTableViewCell.swift */; };
		CE783D362664006C000BE8FB /* PhotosTableViewCell.xib in Resources */ = {isa = PBXBuildFile; fileRef = CE783D342664006C000BE8FB /* PhotosTableViewCell.xib */; };
		CE783D3A26644422000BE8FB /* News.swift in Sources */ = {isa = PBXBuildFile; fileRef = CE783D3926644422000BE8FB /* News.swift */; };
		CE783D3C266D26FD000BE8FB /* AsyncOpeation.swift in Sources */ = {isa = PBXBuildFile; fileRef = CE783D3B266D26FC000BE8FB /* AsyncOpeation.swift */; };
		CE783D3E266D29BE000BE8FB /* GetFriendsOperation.swift in Sources */ = {isa = PBXBuildFile; fileRef = CE783D3D266D29BE000BE8FB /* GetFriendsOperation.swift */; };
		CE783D40266D2D05000BE8FB /* ParseFriendsOperation.swift in Sources */ = {isa = PBXBuildFile; fileRef = CE783D3F266D2D05000BE8FB /* ParseFriendsOperation.swift */; };
		CE7E1C3C26512E0400443AD8 /* FirebaseGroup.swift in Sources */ = {isa = PBXBuildFile; fileRef = CE7E1C3B26512E0400443AD8 /* FirebaseGroup.swift */; };
		CE82C23625EA8BA100FE6896 /* FriendsTableViewCell.swift in Sources */ = {isa = PBXBuildFile; fileRef = CE82C23525EA8BA100FE6896 /* FriendsTableViewCell.swift */; };
		CE82C23A25EAB86600FE6896 /* PhotoToFriendCollectionViewController.swift in Sources */ = {isa = PBXBuildFile; fileRef = CE82C23925EAB86600FE6896 /* PhotoToFriendCollectionViewController.swift */; };
		CE82C23D25EABB3500FE6896 /* PhotoToFriendCollectionViewCell.swift in Sources */ = {isa = PBXBuildFile; fileRef = CE82C23C25EABB3500FE6896 /* PhotoToFriendCollectionViewCell.swift */; };
		CE82C24425EBC12B00FE6896 /* CommunitiesTableViewController.swift in Sources */ = {isa = PBXBuildFile; fileRef = CE82C24325EBC12B00FE6896 /* CommunitiesTableViewController.swift */; };
		CE874DB225EBD44C00E4C42A /* AllCommunitiesTableViewController.swift in Sources */ = {isa = PBXBuildFile; fileRef = CE874DB125EBD44C00E4C42A /* AllCommunitiesTableViewController.swift */; };
		CE874DB525EBE49C00E4C42A /* User.swift in Sources */ = {isa = PBXBuildFile; fileRef = CE874DB425EBE49C00E4C42A /* User.swift */; };
		CE8EBF80267B45E70064D4E3 /* AppError.swift in Sources */ = {isa = PBXBuildFile; fileRef = CE8EBF7F267B45E70064D4E3 /* AppError.swift */; };
		CE922E0E265581540095AE71 /* GoogleService-Info.plist in Resources */ = {isa = PBXBuildFile; fileRef = CE922E0D265581540095AE71 /* GoogleService-Info.plist */; };
		CE93D4532691BD8C00E470AF /* UIImageViewExtension.swift in Sources */ = {isa = PBXBuildFile; fileRef = CE93D4522691BD8C00E470AF /* UIImageViewExtension.swift */; };
		CE94B14A2621DF6F0052F931 /* Session.swift in Sources */ = {isa = PBXBuildFile; fileRef = CE94B1492621DF6F0052F931 /* Session.swift */; };
		CE9733CD2626235400590226 /* VKServices.swift in Sources */ = {isa = PBXBuildFile; fileRef = CE9733CC2626235400590226 /* VKServices.swift */; };
		CE9733D0262F58F600590226 /* UserPhoto.swift in Sources */ = {isa = PBXBuildFile; fileRef = CE9733CF262F58F600590226 /* UserPhoto.swift */; };
		CE9733D4262F7D4200590226 /* Group.swift in Sources */ = {isa = PBXBuildFile; fileRef = CE9733D3262F7D4200590226 /* Group.swift */; };
		CE9BA97325DC477400F0A60C /* AppDelegate.swift in Sources */ = {isa = PBXBuildFile; fileRef = CE9BA97225DC477400F0A60C /* AppDelegate.swift */; };
		CE9BA97525DC477400F0A60C /* SceneDelegate.swift in Sources */ = {isa = PBXBuildFile; fileRef = CE9BA97425DC477400F0A60C /* SceneDelegate.swift */; };
		CE9BA97A25DC477400F0A60C /* Main.storyboard in Resources */ = {isa = PBXBuildFile; fileRef = CE9BA97825DC477400F0A60C /* Main.storyboard */; };
		CE9BA97C25DC477600F0A60C /* Assets.xcassets in Resources */ = {isa = PBXBuildFile; fileRef = CE9BA97B25DC477600F0A60C /* Assets.xcassets */; };
		CE9BA97F25DC477600F0A60C /* LaunchScreen.storyboard in Resources */ = {isa = PBXBuildFile; fileRef = CE9BA97D25DC477600F0A60C /* LaunchScreen.storyboard */; };
		CE9BA98E25DC59EA00F0A60C /* LoginViewController.swift in Sources */ = {isa = PBXBuildFile; fileRef = CE9BA98D25DC59EA00F0A60C /* LoginViewController.swift */; };
		CE9C319A25E2F7CC0002B2B3 /* ViewControllerExtensions.swift in Sources */ = {isa = PBXBuildFile; fileRef = CE9C319925E2F7CC0002B2B3 /* ViewControllerExtensions.swift */; };
		CE9E7C4E267E6DE500289B40 /* SaveFriendsOperation.swift in Sources */ = {isa = PBXBuildFile; fileRef = CE9E7C4D267E6DE500289B40 /* SaveFriendsOperation.swift */; };
		CEDC791D2607E50000D91BBA /* LoaderView.swift in Sources */ = {isa = PBXBuildFile; fileRef = CEDC791C2607E50000D91BBA /* LoaderView.swift */; };
		CEDC79252610D78400D91BBA /* AnimatedNavigationController.swift in Sources */ = {isa = PBXBuildFile; fileRef = CEDC79242610D78400D91BBA /* AnimatedNavigationController.swift */; };
		CEDC79282610D8B900D91BBA /* CustomAnimator.swift in Sources */ = {isa = PBXBuildFile; fileRef = CEDC79272610D8B900D91BBA /* CustomAnimator.swift */; };
		CEDC792B2610FD3200D91BBA /* CustomInteractiveTransition.swift in Sources */ = {isa = PBXBuildFile; fileRef = CEDC792A2610FD3200D91BBA /* CustomInteractiveTransition.swift */; };
		CEE08AE226B6DBBC006AE12A /* VKServicesInterface.swift in Sources */ = {isa = PBXBuildFile; fileRef = CEE08AE126B6DBBC006AE12A /* VKServicesInterface.swift */; };
		CEE08AE426B6DCA6006AE12A /* VKServicesProxy.swift in Sources */ = {isa = PBXBuildFile; fileRef = CEE08AE326B6DCA6006AE12A /* VKServicesProxy.swift */; };
		CEFD950625EEB9C2002B9A80 /* AvatarViewControl.swift in Sources */ = {isa = PBXBuildFile; fileRef = CEFD950525EEB9C2002B9A80 /* AvatarViewControl.swift */; };
		CEFD950B25EEE611002B9A80 /* LikeActionControl.swift in Sources */ = {isa = PBXBuildFile; fileRef = CEFD950A25EEE611002B9A80 /* LikeActionControl.swift */; };
/* End PBXBuildFile section */

/* Begin PBXFileReference section */
		5826C1CE25F90200004B345A /* AlphabetPickerControl.swift */ = {isa = PBXFileReference; lastKnownFileType = sourcecode.swift; path = AlphabetPickerControl.swift; sourceTree = "<group>"; };
		5830FF73260204440027F5A1 /* NewsTableViewController.swift */ = {isa = PBXFileReference; lastKnownFileType = sourcecode.swift; path = NewsTableViewController.swift; sourceTree = "<group>"; };
		76511A9A900621C24321CB8C /* Pods-ClientVK.release.xcconfig */ = {isa = PBXFileReference; includeInIndex = 1; lastKnownFileType = text.xcconfig; name = "Pods-ClientVK.release.xcconfig"; path = "Target Support Files/Pods-ClientVK/Pods-ClientVK.release.xcconfig"; sourceTree = "<group>"; };
		A0BA18670DA39800A5B94D3B /* Pods-ClientVK.debug.xcconfig */ = {isa = PBXFileReference; includeInIndex = 1; lastKnownFileType = text.xcconfig; name = "Pods-ClientVK.debug.xcconfig"; path = "Target Support Files/Pods-ClientVK/Pods-ClientVK.debug.xcconfig"; sourceTree = "<group>"; };
		CE09933D25FD607F000D7B4F /* UITextFieldExtension.swift */ = {isa = PBXFileReference; lastKnownFileType = sourcecode.swift; path = UITextFieldExtension.swift; sourceTree = "<group>"; };
		CE09934025FD6AA8000D7B4F /* UIViewExtension.swift */ = {isa = PBXFileReference; lastKnownFileType = sourcecode.swift; path = UIViewExtension.swift; sourceTree = "<group>"; };
		CE09934625FE7651000D7B4F /* CommunityTableViewCell.swift */ = {isa = PBXFileReference; lastKnownFileType = sourcecode.swift; path = CommunityTableViewCell.swift; sourceTree = "<group>"; };
		CE09934725FE7651000D7B4F /* CommunityTableViewCell.xib */ = {isa = PBXFileReference; lastKnownFileType = file.xib; path = CommunityTableViewCell.xib; sourceTree = "<group>"; };
		CE69B60D26A8AC0C008F4EEC /* UserPhotoAdapterModel.swift */ = {isa = PBXFileReference; lastKnownFileType = sourcecode.swift; path = UserPhotoAdapterModel.swift; sourceTree = "<group>"; };
		CE69B60F26A8ACC9008F4EEC /* UserPhotoAdapter.swift */ = {isa = PBXFileReference; lastKnownFileType = sourcecode.swift; path = UserPhotoAdapter.swift; sourceTree = "<group>"; };
		CE69B61126A8B7E7008F4EEC /* UIColorExtension.swift */ = {isa = PBXFileReference; lastKnownFileType = sourcecode.swift; path = UIColorExtension.swift; sourceTree = "<group>"; };
		CE71324B25E9818D00CE98BD /* FriendsTableViewController.swift */ = {isa = PBXFileReference; lastKnownFileType = sourcecode.swift; path = FriendsTableViewController.swift; sourceTree = "<group>"; };
		CE73A6FC267F65DB00C849FF /* PhotoService.swift */ = {isa = PBXFileReference; lastKnownFileType = sourcecode.swift; path = PhotoService.swift; sourceTree = "<group>"; };
		CE783D272663F43B000BE8FB /* HeaderNewsTableViewCell.swift */ = {isa = PBXFileReference; lastKnownFileType = sourcecode.swift; path = HeaderNewsTableViewCell.swift; sourceTree = "<group>"; };
		CE783D282663F43B000BE8FB /* HeaderNewsTableViewCell.xib */ = {isa = PBXFileReference; lastKnownFileType = file.xib; path = HeaderNewsTableViewCell.xib; sourceTree = "<group>"; };
		CE783D2B2663F944000BE8FB /* TextNewsTableViewCell.swift */ = {isa = PBXFileReference; lastKnownFileType = sourcecode.swift; path = TextNewsTableViewCell.swift; sourceTree = "<group>"; };
		CE783D2C2663F944000BE8FB /* TextNewsTableViewCell.xib */ = {isa = PBXFileReference; lastKnownFileType = file.xib; path = TextNewsTableViewCell.xib; sourceTree = "<group>"; };
		CE783D2F2663FC01000BE8FB /* FooterNewsTableViewCell.swift */ = {isa = PBXFileReference; lastKnownFileType = sourcecode.swift; path = FooterNewsTableViewCell.swift; sourceTree = "<group>"; };
		CE783D302663FC01000BE8FB /* FooterNewsTableViewCell.xib */ = {isa = PBXFileReference; lastKnownFileType = file.xib; path = FooterNewsTableViewCell.xib; sourceTree = "<group>"; };
		CE783D332664006C000BE8FB /* PhotosTableViewCell.swift */ = {isa = PBXFileReference; lastKnownFileType = sourcecode.swift; path = PhotosTableViewCell.swift; sourceTree = "<group>"; };
		CE783D342664006C000BE8FB /* PhotosTableViewCell.xib */ = {isa = PBXFileReference; lastKnownFileType = file.xib; path = PhotosTableViewCell.xib; sourceTree = "<group>"; };
		CE783D3926644422000BE8FB /* News.swift */ = {isa = PBXFileReference; lastKnownFileType = sourcecode.swift; path = News.swift; sourceTree = "<group>"; };
		CE783D3B266D26FC000BE8FB /* AsyncOpeation.swift */ = {isa = PBXFileReference; lastKnownFileType = sourcecode.swift; path = AsyncOpeation.swift; sourceTree = "<group>"; };
		CE783D3D266D29BE000BE8FB /* GetFriendsOperation.swift */ = {isa = PBXFileReference; lastKnownFileType = sourcecode.swift; path = GetFriendsOperation.swift; sourceTree = "<group>"; };
		CE783D3F266D2D05000BE8FB /* ParseFriendsOperation.swift */ = {isa = PBXFileReference; lastKnownFileType = sourcecode.swift; path = ParseFriendsOperation.swift; sourceTree = "<group>"; };
		CE7E1C3B26512E0400443AD8 /* FirebaseGroup.swift */ = {isa = PBXFileReference; lastKnownFileType = sourcecode.swift; path = FirebaseGroup.swift; sourceTree = "<group>"; };
		CE82C23525EA8BA100FE6896 /* FriendsTableViewCell.swift */ = {isa = PBXFileReference; lastKnownFileType = sourcecode.swift; path = FriendsTableViewCell.swift; sourceTree = "<group>"; };
		CE82C23925EAB86600FE6896 /* PhotoToFriendCollectionViewController.swift */ = {isa = PBXFileReference; lastKnownFileType = sourcecode.swift; path = PhotoToFriendCollectionViewController.swift; sourceTree = "<group>"; };
		CE82C23C25EABB3500FE6896 /* PhotoToFriendCollectionViewCell.swift */ = {isa = PBXFileReference; lastKnownFileType = sourcecode.swift; path = PhotoToFriendCollectionViewCell.swift; sourceTree = "<group>"; };
		CE82C24325EBC12B00FE6896 /* CommunitiesTableViewController.swift */ = {isa = PBXFileReference; lastKnownFileType = sourcecode.swift; path = CommunitiesTableViewController.swift; sourceTree = "<group>"; };
		CE874DB125EBD44C00E4C42A /* AllCommunitiesTableViewController.swift */ = {isa = PBXFileReference; lastKnownFileType = sourcecode.swift; path = AllCommunitiesTableViewController.swift; sourceTree = "<group>"; };
		CE874DB425EBE49C00E4C42A /* User.swift */ = {isa = PBXFileReference; lastKnownFileType = sourcecode.swift; path = User.swift; sourceTree = "<group>"; };
		CE8EBF7F267B45E70064D4E3 /* AppError.swift */ = {isa = PBXFileReference; lastKnownFileType = sourcecode.swift; path = AppError.swift; sourceTree = "<group>"; };
		CE922E0D265581540095AE71 /* GoogleService-Info.plist */ = {isa = PBXFileReference; fileEncoding = 4; lastKnownFileType = text.plist.xml; path = "GoogleService-Info.plist"; sourceTree = "<group>"; };
		CE93D4522691BD8C00E470AF /* UIImageViewExtension.swift */ = {isa = PBXFileReference; lastKnownFileType = sourcecode.swift; path = UIImageViewExtension.swift; sourceTree = "<group>"; };
		CE94B1492621DF6F0052F931 /* Session.swift */ = {isa = PBXFileReference; lastKnownFileType = sourcecode.swift; path = Session.swift; sourceTree = "<group>"; };
		CE9733CC2626235400590226 /* VKServices.swift */ = {isa = PBXFileReference; lastKnownFileType = sourcecode.swift; path = VKServices.swift; sourceTree = "<group>"; };
		CE9733CF262F58F600590226 /* UserPhoto.swift */ = {isa = PBXFileReference; lastKnownFileType = sourcecode.swift; path = UserPhoto.swift; sourceTree = "<group>"; };
		CE9733D3262F7D4200590226 /* Group.swift */ = {isa = PBXFileReference; lastKnownFileType = sourcecode.swift; path = Group.swift; sourceTree = "<group>"; };
		CE9BA96F25DC477400F0A60C /* ClientVK.app */ = {isa = PBXFileReference; explicitFileType = wrapper.application; includeInIndex = 0; path = ClientVK.app; sourceTree = BUILT_PRODUCTS_DIR; };
		CE9BA97225DC477400F0A60C /* AppDelegate.swift */ = {isa = PBXFileReference; lastKnownFileType = sourcecode.swift; path = AppDelegate.swift; sourceTree = "<group>"; };
		CE9BA97425DC477400F0A60C /* SceneDelegate.swift */ = {isa = PBXFileReference; lastKnownFileType = sourcecode.swift; path = SceneDelegate.swift; sourceTree = "<group>"; };
		CE9BA97925DC477400F0A60C /* Base */ = {isa = PBXFileReference; lastKnownFileType = file.storyboard; name = Base; path = Base.lproj/Main.storyboard; sourceTree = "<group>"; };
		CE9BA97B25DC477600F0A60C /* Assets.xcassets */ = {isa = PBXFileReference; lastKnownFileType = folder.assetcatalog; path = Assets.xcassets; sourceTree = "<group>"; };
		CE9BA97E25DC477600F0A60C /* Base */ = {isa = PBXFileReference; lastKnownFileType = file.storyboard; name = Base; path = Base.lproj/LaunchScreen.storyboard; sourceTree = "<group>"; };
		CE9BA98025DC477600F0A60C /* Info.plist */ = {isa = PBXFileReference; lastKnownFileType = text.plist.xml; path = Info.plist; sourceTree = "<group>"; };
		CE9BA98D25DC59EA00F0A60C /* LoginViewController.swift */ = {isa = PBXFileReference; lastKnownFileType = sourcecode.swift; path = LoginViewController.swift; sourceTree = "<group>"; };
		CE9C319925E2F7CC0002B2B3 /* ViewControllerExtensions.swift */ = {isa = PBXFileReference; lastKnownFileType = sourcecode.swift; path = ViewControllerExtensions.swift; sourceTree = "<group>"; };
		CE9E7C4D267E6DE500289B40 /* SaveFriendsOperation.swift */ = {isa = PBXFileReference; lastKnownFileType = sourcecode.swift; path = SaveFriendsOperation.swift; sourceTree = "<group>"; };
		CEDC791C2607E50000D91BBA /* LoaderView.swift */ = {isa = PBXFileReference; fileEncoding = 4; lastKnownFileType = sourcecode.swift; path = LoaderView.swift; sourceTree = "<group>"; };
		CEDC79242610D78400D91BBA /* AnimatedNavigationController.swift */ = {isa = PBXFileReference; lastKnownFileType = sourcecode.swift; path = AnimatedNavigationController.swift; sourceTree = "<group>"; };
		CEDC79272610D8B900D91BBA /* CustomAnimator.swift */ = {isa = PBXFileReference; lastKnownFileType = sourcecode.swift; path = CustomAnimator.swift; sourceTree = "<group>"; };
		CEDC792A2610FD3200D91BBA /* CustomInteractiveTransition.swift */ = {isa = PBXFileReference; lastKnownFileType = sourcecode.swift; path = CustomInteractiveTransition.swift; sourceTree = "<group>"; };
		CEE08AE126B6DBBC006AE12A /* VKServicesInterface.swift */ = {isa = PBXFileReference; lastKnownFileType = sourcecode.swift; path = VKServicesInterface.swift; sourceTree = "<group>"; };
		CEE08AE326B6DCA6006AE12A /* VKServicesProxy.swift */ = {isa = PBXFileReference; lastKnownFileType = sourcecode.swift; path = VKServicesProxy.swift; sourceTree = "<group>"; };
		CEFD950525EEB9C2002B9A80 /* AvatarViewControl.swift */ = {isa = PBXFileReference; lastKnownFileType = sourcecode.swift; path = AvatarViewControl.swift; sourceTree = "<group>"; };
		CEFD950A25EEE611002B9A80 /* LikeActionControl.swift */ = {isa = PBXFileReference; lastKnownFileType = sourcecode.swift; path = LikeActionControl.swift; sourceTree = "<group>"; };
		E1A4365C21AB72E6BC19BFB8 /* Pods_ClientVK.framework */ = {isa = PBXFileReference; explicitFileType = wrapper.framework; includeInIndex = 0; path = Pods_ClientVK.framework; sourceTree = BUILT_PRODUCTS_DIR; };
/* End PBXFileReference section */

/* Begin PBXFrameworksBuildPhase section */
		CE9BA96C25DC477400F0A60C /* Frameworks */ = {
			isa = PBXFrameworksBuildPhase;
			buildActionMask = 2147483647;
			files = (
				41EB0E2C297576B8AE7F3963 /* Pods_ClientVK.framework in Frameworks */,
			);
			runOnlyForDeploymentPostprocessing = 0;
		};
/* End PBXFrameworksBuildPhase section */

/* Begin PBXGroup section */
		AF529006714C09076BCDA4C0 /* Frameworks */ = {
			isa = PBXGroup;
			children = (
				E1A4365C21AB72E6BC19BFB8 /* Pods_ClientVK.framework */,
			);
			name = Frameworks;
			sourceTree = "<group>";
		};
		CE71324625E9805D00CE98BD /* Helpers */ = {
			isa = PBXGroup;
			children = (
				CE9C319925E2F7CC0002B2B3 /* ViewControllerExtensions.swift */,
				CE09933D25FD607F000D7B4F /* UITextFieldExtension.swift */,
				CE09934025FD6AA8000D7B4F /* UIViewExtension.swift */,
				CEDC79242610D78400D91BBA /* AnimatedNavigationController.swift */,
				CEDC79272610D8B900D91BBA /* CustomAnimator.swift */,
				CEDC792A2610FD3200D91BBA /* CustomInteractiveTransition.swift */,
				CE783D3B266D26FC000BE8FB /* AsyncOpeation.swift */,
				CE8EBF7F267B45E70064D4E3 /* AppError.swift */,
				CE93D4522691BD8C00E470AF /* UIImageViewExtension.swift */,
				CE69B61126A8B7E7008F4EEC /* UIColorExtension.swift */,
			);
			path = Helpers;
			sourceTree = "<group>";
		};
		CE71324725E9807000CE98BD /* App */ = {
			isa = PBXGroup;
			children = (
				CE9BA97225DC477400F0A60C /* AppDelegate.swift */,
				CE9BA97425DC477400F0A60C /* SceneDelegate.swift */,
			);
			path = App;
			sourceTree = "<group>";
		};
		CE71324825E9808900CE98BD /* Models */ = {
			isa = PBXGroup;
			children = (
				CE874DB425EBE49C00E4C42A /* User.swift */,
				CE94B1492621DF6F0052F931 /* Session.swift */,
				CE9733CF262F58F600590226 /* UserPhoto.swift */,
				CE9733D3262F7D4200590226 /* Group.swift */,
				CE7E1C3B26512E0400443AD8 /* FirebaseGroup.swift */,
				CE783D3926644422000BE8FB /* News.swift */,
				CE69B60D26A8AC0C008F4EEC /* UserPhotoAdapterModel.swift */,
			);
			path = Models;
			sourceTree = "<group>";
		};
		CE71324925E980A400CE98BD /* Views */ = {
			isa = PBXGroup;
			children = (
				CE9BA97825DC477400F0A60C /* Main.storyboard */,
				CE9BA97D25DC477600F0A60C /* LaunchScreen.storyboard */,
			);
			path = Views;
			sourceTree = "<group>";
		};
		CE8EBF7E267B29A30064D4E3 /* Friends Operation */ = {
			isa = PBXGroup;
			children = (
				CE783D3D266D29BE000BE8FB /* GetFriendsOperation.swift */,
				CE783D3F266D2D05000BE8FB /* ParseFriendsOperation.swift */,
				CE9E7C4D267E6DE500289B40 /* SaveFriendsOperation.swift */,
			);
			path = "Friends Operation";
			sourceTree = "<group>";
		};
		CE9733C726261E1700590226 /* Services */ = {
			isa = PBXGroup;
			children = (
				CE8EBF7E267B29A30064D4E3 /* Friends Operation */,
				CE9733CC2626235400590226 /* VKServices.swift */,
				CE73A6FC267F65DB00C849FF /* PhotoService.swift */,
				CE69B60F26A8ACC9008F4EEC /* UserPhotoAdapter.swift */,
				CEE08AE126B6DBBC006AE12A /* VKServicesInterface.swift */,
				CEE08AE326B6DCA6006AE12A /* VKServicesProxy.swift */,
			);
			path = Services;
			sourceTree = "<group>";
		};
		CE9733D92630C98800590226 /* Components */ = {
			isa = PBXGroup;
			children = (
				CE9733E82630CE1500590226 /* common */,
				CE9733E22630CCC300590226 /* News */,
				CE9733E12630CC7100590226 /* Communities */,
				CE9733DD2630CB6700590226 /* PhotoFriend */,
				CE9733DB2630CA3E00590226 /* Friends */,
				CE9733DA2630C99700590226 /* Login */,
			);
			path = Components;
			sourceTree = "<group>";
		};
		CE9733DA2630C99700590226 /* Login */ = {
			isa = PBXGroup;
			children = (
				CE9BA98D25DC59EA00F0A60C /* LoginViewController.swift */,
			);
			path = Login;
			sourceTree = "<group>";
		};
		CE9733DB2630CA3E00590226 /* Friends */ = {
			isa = PBXGroup;
			children = (
				CE71324B25E9818D00CE98BD /* FriendsTableViewController.swift */,
				CE82C23525EA8BA100FE6896 /* FriendsTableViewCell.swift */,
			);
			path = Friends;
			sourceTree = "<group>";
		};
		CE9733DD2630CB6700590226 /* PhotoFriend */ = {
			isa = PBXGroup;
			children = (
				CE82C23925EAB86600FE6896 /* PhotoToFriendCollectionViewController.swift */,
				CE82C23C25EABB3500FE6896 /* PhotoToFriendCollectionViewCell.swift */,
			);
			path = PhotoFriend;
			sourceTree = "<group>";
		};
		CE9733E12630CC7100590226 /* Communities */ = {
			isa = PBXGroup;
			children = (
				CE82C24325EBC12B00FE6896 /* CommunitiesTableViewController.swift */,
				CE874DB125EBD44C00E4C42A /* AllCommunitiesTableViewController.swift */,
				CE09934625FE7651000D7B4F /* CommunityTableViewCell.swift */,
				CE09934725FE7651000D7B4F /* CommunityTableViewCell.xib */,
			);
			path = Communities;
			sourceTree = "<group>";
		};
		CE9733E22630CCC300590226 /* News */ = {
			isa = PBXGroup;
			children = (
				5830FF73260204440027F5A1 /* NewsTableViewController.swift */,
				CE783D272663F43B000BE8FB /* HeaderNewsTableViewCell.swift */,
				CE783D282663F43B000BE8FB /* HeaderNewsTableViewCell.xib */,
				CE783D2B2663F944000BE8FB /* TextNewsTableViewCell.swift */,
				CE783D2C2663F944000BE8FB /* TextNewsTableViewCell.xib */,
				CE783D2F2663FC01000BE8FB /* FooterNewsTableViewCell.swift */,
				CE783D302663FC01000BE8FB /* FooterNewsTableViewCell.xib */,
				CE783D332664006C000BE8FB /* PhotosTableViewCell.swift */,
				CE783D342664006C000BE8FB /* PhotosTableViewCell.xib */,
			);
			path = News;
			sourceTree = "<group>";
		};
		CE9733E82630CE1500590226 /* common */ = {
			isa = PBXGroup;
			children = (
				5826C1CE25F90200004B345A /* AlphabetPickerControl.swift */,
				CEFD950525EEB9C2002B9A80 /* AvatarViewControl.swift */,
				CEFD950A25EEE611002B9A80 /* LikeActionControl.swift */,
				CEDC791C2607E50000D91BBA /* LoaderView.swift */,
			);
			path = common;
			sourceTree = "<group>";
		};
		CE9BA96625DC477400F0A60C = {
			isa = PBXGroup;
			children = (
				CE9BA97125DC477400F0A60C /* ClientVK */,
				CE9BA97025DC477400F0A60C /* Products */,
				FD12A34261818BF340AD1A47 /* Pods */,
				AF529006714C09076BCDA4C0 /* Frameworks */,
			);
			sourceTree = "<group>";
		};
		CE9BA97025DC477400F0A60C /* Products */ = {
			isa = PBXGroup;
			children = (
				CE9BA96F25DC477400F0A60C /* ClientVK.app */,
			);
			name = Products;
			sourceTree = "<group>";
		};
		CE9BA97125DC477400F0A60C /* ClientVK */ = {
			isa = PBXGroup;
			children = (
				CE71324725E9807000CE98BD /* App */,
				CE9733D92630C98800590226 /* Components */,
				CE9733C726261E1700590226 /* Services */,
				CE71324925E980A400CE98BD /* Views */,
				CE71324825E9808900CE98BD /* Models */,
				CE71324625E9805D00CE98BD /* Helpers */,
				CE9BA97B25DC477600F0A60C /* Assets.xcassets */,
				CE922E0D265581540095AE71 /* GoogleService-Info.plist */,
				CE9BA98025DC477600F0A60C /* Info.plist */,
			);
			path = ClientVK;
			sourceTree = "<group>";
		};
		FD12A34261818BF340AD1A47 /* Pods */ = {
			isa = PBXGroup;
			children = (
				A0BA18670DA39800A5B94D3B /* Pods-ClientVK.debug.xcconfig */,
				76511A9A900621C24321CB8C /* Pods-ClientVK.release.xcconfig */,
			);
			path = Pods;
			sourceTree = "<group>";
		};
/* End PBXGroup section */

/* Begin PBXNativeTarget section */
		CE9BA96E25DC477400F0A60C /* ClientVK */ = {
			isa = PBXNativeTarget;
			buildConfigurationList = CE9BA98325DC477600F0A60C /* Build configuration list for PBXNativeTarget "ClientVK" */;
			buildPhases = (
				7B50B9CCDC0481A9351B2C85 /* [CP] Check Pods Manifest.lock */,
				CE9BA96B25DC477400F0A60C /* Sources */,
				CE9BA96C25DC477400F0A60C /* Frameworks */,
				CE9BA96D25DC477400F0A60C /* Resources */,
				A6D75AFAC5C1905260066826 /* [CP] Embed Pods Frameworks */,
			);
			buildRules = (
			);
			dependencies = (
			);
			name = ClientVK;
			productName = ClientVK;
			productReference = CE9BA96F25DC477400F0A60C /* ClientVK.app */;
			productType = "com.apple.product-type.application";
		};
/* End PBXNativeTarget section */

/* Begin PBXProject section */
		CE9BA96725DC477400F0A60C /* Project object */ = {
			isa = PBXProject;
			attributes = {
				LastSwiftUpdateCheck = 1240;
				LastUpgradeCheck = 1240;
				TargetAttributes = {
					CE9BA96E25DC477400F0A60C = {
						CreatedOnToolsVersion = 12.4;
					};
				};
			};
			buildConfigurationList = CE9BA96A25DC477400F0A60C /* Build configuration list for PBXProject "ClientVK" */;
			compatibilityVersion = "Xcode 9.3";
			developmentRegion = en;
			hasScannedForEncodings = 0;
			knownRegions = (
				en,
				Base,
			);
			mainGroup = CE9BA96625DC477400F0A60C;
			productRefGroup = CE9BA97025DC477400F0A60C /* Products */;
			projectDirPath = "";
			projectRoot = "";
			targets = (
				CE9BA96E25DC477400F0A60C /* ClientVK */,
			);
		};
/* End PBXProject section */

/* Begin PBXResourcesBuildPhase section */
		CE9BA96D25DC477400F0A60C /* Resources */ = {
			isa = PBXResourcesBuildPhase;
			buildActionMask = 2147483647;
			files = (
				CE783D2A2663F43B000BE8FB /* HeaderNewsTableViewCell.xib in Resources */,
				CE9BA97F25DC477600F0A60C /* LaunchScreen.storyboard in Resources */,
				CE783D322663FC01000BE8FB /* FooterNewsTableViewCell.xib in Resources */,
				CE9BA97C25DC477600F0A60C /* Assets.xcassets in Resources */,
				CE783D362664006C000BE8FB /* PhotosTableViewCell.xib in Resources */,
				CE9BA97A25DC477400F0A60C /* Main.storyboard in Resources */,
				CE09934925FE7651000D7B4F /* CommunityTableViewCell.xib in Resources */,
				CE922E0E265581540095AE71 /* GoogleService-Info.plist in Resources */,
				CE783D2E2663F944000BE8FB /* TextNewsTableViewCell.xib in Resources */,
			);
			runOnlyForDeploymentPostprocessing = 0;
		};
/* End PBXResourcesBuildPhase section */

/* Begin PBXShellScriptBuildPhase section */
		7B50B9CCDC0481A9351B2C85 /* [CP] Check Pods Manifest.lock */ = {
			isa = PBXShellScriptBuildPhase;
			buildActionMask = 2147483647;
			files = (
			);
			inputFileListPaths = (
			);
			inputPaths = (
				"${PODS_PODFILE_DIR_PATH}/Podfile.lock",
				"${PODS_ROOT}/Manifest.lock",
			);
			name = "[CP] Check Pods Manifest.lock";
			outputFileListPaths = (
			);
			outputPaths = (
				"$(DERIVED_FILE_DIR)/Pods-ClientVK-checkManifestLockResult.txt",
			);
			runOnlyForDeploymentPostprocessing = 0;
			shellPath = /bin/sh;
			shellScript = "diff \"${PODS_PODFILE_DIR_PATH}/Podfile.lock\" \"${PODS_ROOT}/Manifest.lock\" > /dev/null\nif [ $? != 0 ] ; then\n    # print error to STDERR\n    echo \"error: The sandbox is not in sync with the Podfile.lock. Run 'pod install' or update your CocoaPods installation.\" >&2\n    exit 1\nfi\n# This output is used by Xcode 'outputs' to avoid re-running this script phase.\necho \"SUCCESS\" > \"${SCRIPT_OUTPUT_FILE_0}\"\n";
			showEnvVarsInLog = 0;
		};
		A6D75AFAC5C1905260066826 /* [CP] Embed Pods Frameworks */ = {
			isa = PBXShellScriptBuildPhase;
			buildActionMask = 2147483647;
			files = (
			);
			inputFileListPaths = (
				"${PODS_ROOT}/Target Support Files/Pods-ClientVK/Pods-ClientVK-frameworks-${CONFIGURATION}-input-files.xcfilelist",
			);
			name = "[CP] Embed Pods Frameworks";
			outputFileListPaths = (
				"${PODS_ROOT}/Target Support Files/Pods-ClientVK/Pods-ClientVK-frameworks-${CONFIGURATION}-output-files.xcfilelist",
			);
			runOnlyForDeploymentPostprocessing = 0;
			shellPath = /bin/sh;
			shellScript = "\"${PODS_ROOT}/Target Support Files/Pods-ClientVK/Pods-ClientVK-frameworks.sh\"\n";
			showEnvVarsInLog = 0;
		};
/* End PBXShellScriptBuildPhase section */

/* Begin PBXSourcesBuildPhase section */
		CE9BA96B25DC477400F0A60C /* Sources */ = {
			isa = PBXSourcesBuildPhase;
			buildActionMask = 2147483647;
			files = (
				CE9C319A25E2F7CC0002B2B3 /* ViewControllerExtensions.swift in Sources */,
				CE69B60E26A8AC0D008F4EEC /* UserPhotoAdapterModel.swift in Sources */,
				CE09933E25FD607F000D7B4F /* UITextFieldExtension.swift in Sources */,
				CE783D3C266D26FD000BE8FB /* AsyncOpeation.swift in Sources */,
				CE69B61026A8ACC9008F4EEC /* UserPhotoAdapter.swift in Sources */,
				CE783D3A26644422000BE8FB /* News.swift in Sources */,
				CE783D312663FC01000BE8FB /* FooterNewsTableViewCell.swift in Sources */,
				CE82C23A25EAB86600FE6896 /* PhotoToFriendCollectionViewController.swift in Sources */,
				CE783D3E266D29BE000BE8FB /* GetFriendsOperation.swift in Sources */,
				CE7E1C3C26512E0400443AD8 /* FirebaseGroup.swift in Sources */,
				CEDC791D2607E50000D91BBA /* LoaderView.swift in Sources */,
				CE783D2D2663F944000BE8FB /* TextNewsTableViewCell.swift in Sources */,
				CE09934825FE7651000D7B4F /* CommunityTableViewCell.swift in Sources */,
				CE783D292663F43B000BE8FB /* HeaderNewsTableViewCell.swift in Sources */,
				CEDC79282610D8B900D91BBA /* CustomAnimator.swift in Sources */,
				CE9BA98E25DC59EA00F0A60C /* LoginViewController.swift in Sources */,
				CE9BA97325DC477400F0A60C /* AppDelegate.swift in Sources */,
				CE82C23D25EABB3500FE6896 /* PhotoToFriendCollectionViewCell.swift in Sources */,
				CE874DB525EBE49C00E4C42A /* User.swift in Sources */,
				CE8EBF80267B45E70064D4E3 /* AppError.swift in Sources */,
				CE82C24425EBC12B00FE6896 /* CommunitiesTableViewController.swift in Sources */,
				CE82C23625EA8BA100FE6896 /* FriendsTableViewCell.swift in Sources */,
				CE9BA97525DC477400F0A60C /* SceneDelegate.swift in Sources */,
				CEDC792B2610FD3200D91BBA /* CustomInteractiveTransition.swift in Sources */,
				CE9733D0262F58F600590226 /* UserPhoto.swift in Sources */,
				CE783D352664006C000BE8FB /* PhotosTableViewCell.swift in Sources */,
				CE09934125FD6AA8000D7B4F /* UIViewExtension.swift in Sources */,
				CEE08AE426B6DCA6006AE12A /* VKServicesProxy.swift in Sources */,
				CEE08AE226B6DBBC006AE12A /* VKServicesInterface.swift in Sources */,
				CEDC79252610D78400D91BBA /* AnimatedNavigationController.swift in Sources */,
				CE71324C25E9818D00CE98BD /* FriendsTableViewController.swift in Sources */,
				CE69B61226A8B7E7008F4EEC /* UIColorExtension.swift in Sources */,
				CE94B14A2621DF6F0052F931 /* Session.swift in Sources */,
				CE9733D4262F7D4200590226 /* Group.swift in Sources */,
				CE9E7C4E267E6DE500289B40 /* SaveFriendsOperation.swift in Sources */,
				CEFD950625EEB9C2002B9A80 /* AvatarViewControl.swift in Sources */,
				5826C1CF25F90200004B345A /* AlphabetPickerControl.swift in Sources */,
				CE9733CD2626235400590226 /* VKServices.swift in Sources */,
				CEFD950B25EEE611002B9A80 /* LikeActionControl.swift in Sources */,
				CE874DB225EBD44C00E4C42A /* AllCommunitiesTableViewController.swift in Sources */,
				CE93D4532691BD8C00E470AF /* UIImageViewExtension.swift in Sources */,
				CE783D40266D2D05000BE8FB /* ParseFriendsOperation.swift in Sources */,
				CE73A6FD267F65DB00C849FF /* PhotoService.swift in Sources */,
				5830FF74260204440027F5A1 /* NewsTableViewController.swift in Sources */,
			);
			runOnlyForDeploymentPostprocessing = 0;
		};
/* End PBXSourcesBuildPhase section */

/* Begin PBXVariantGroup section */
		CE9BA97825DC477400F0A60C /* Main.storyboard */ = {
			isa = PBXVariantGroup;
			children = (
				CE9BA97925DC477400F0A60C /* Base */,
			);
			name = Main.storyboard;
			sourceTree = "<group>";
		};
		CE9BA97D25DC477600F0A60C /* LaunchScreen.storyboard */ = {
			isa = PBXVariantGroup;
			children = (
				CE9BA97E25DC477600F0A60C /* Base */,
			);
			name = LaunchScreen.storyboard;
			sourceTree = "<group>";
		};
/* End PBXVariantGroup section */

/* Begin XCBuildConfiguration section */
		CE9BA98125DC477600F0A60C /* Debug */ = {
			isa = XCBuildConfiguration;
			buildSettings = {
				ALWAYS_SEARCH_USER_PATHS = NO;
				CLANG_ANALYZER_NONNULL = YES;
				CLANG_ANALYZER_NUMBER_OBJECT_CONVERSION = YES_AGGRESSIVE;
				CLANG_CXX_LANGUAGE_STANDARD = "gnu++14";
				CLANG_CXX_LIBRARY = "libc++";
				CLANG_ENABLE_MODULES = YES;
				CLANG_ENABLE_OBJC_ARC = YES;
				CLANG_ENABLE_OBJC_WEAK = YES;
				CLANG_WARN_BLOCK_CAPTURE_AUTORELEASING = YES;
				CLANG_WARN_BOOL_CONVERSION = YES;
				CLANG_WARN_COMMA = YES;
				CLANG_WARN_CONSTANT_CONVERSION = YES;
				CLANG_WARN_DEPRECATED_OBJC_IMPLEMENTATIONS = YES;
				CLANG_WARN_DIRECT_OBJC_ISA_USAGE = YES_ERROR;
				CLANG_WARN_DOCUMENTATION_COMMENTS = YES;
				CLANG_WARN_EMPTY_BODY = YES;
				CLANG_WARN_ENUM_CONVERSION = YES;
				CLANG_WARN_INFINITE_RECURSION = YES;
				CLANG_WARN_INT_CONVERSION = YES;
				CLANG_WARN_NON_LITERAL_NULL_CONVERSION = YES;
				CLANG_WARN_OBJC_IMPLICIT_RETAIN_SELF = YES;
				CLANG_WARN_OBJC_LITERAL_CONVERSION = YES;
				CLANG_WARN_OBJC_ROOT_CLASS = YES_ERROR;
				CLANG_WARN_QUOTED_INCLUDE_IN_FRAMEWORK_HEADER = YES;
				CLANG_WARN_RANGE_LOOP_ANALYSIS = YES;
				CLANG_WARN_STRICT_PROTOTYPES = YES;
				CLANG_WARN_SUSPICIOUS_MOVE = YES;
				CLANG_WARN_UNGUARDED_AVAILABILITY = YES_AGGRESSIVE;
				CLANG_WARN_UNREACHABLE_CODE = YES;
				CLANG_WARN__DUPLICATE_METHOD_MATCH = YES;
				COPY_PHASE_STRIP = NO;
				DEBUG_INFORMATION_FORMAT = dwarf;
				ENABLE_STRICT_OBJC_MSGSEND = YES;
				ENABLE_TESTABILITY = YES;
				GCC_C_LANGUAGE_STANDARD = gnu11;
				GCC_DYNAMIC_NO_PIC = NO;
				GCC_NO_COMMON_BLOCKS = YES;
				GCC_OPTIMIZATION_LEVEL = 0;
				GCC_PREPROCESSOR_DEFINITIONS = (
					"DEBUG=1",
					"$(inherited)",
				);
				GCC_WARN_64_TO_32_BIT_CONVERSION = YES;
				GCC_WARN_ABOUT_RETURN_TYPE = YES_ERROR;
				GCC_WARN_UNDECLARED_SELECTOR = YES;
				GCC_WARN_UNINITIALIZED_AUTOS = YES_AGGRESSIVE;
				GCC_WARN_UNUSED_FUNCTION = YES;
				GCC_WARN_UNUSED_VARIABLE = YES;
				IPHONEOS_DEPLOYMENT_TARGET = 14.4;
				MTL_ENABLE_DEBUG_INFO = INCLUDE_SOURCE;
				MTL_FAST_MATH = YES;
				ONLY_ACTIVE_ARCH = YES;
				SDKROOT = iphoneos;
				SWIFT_ACTIVE_COMPILATION_CONDITIONS = DEBUG;
				SWIFT_OPTIMIZATION_LEVEL = "-Onone";
			};
			name = Debug;
		};
		CE9BA98225DC477600F0A60C /* Release */ = {
			isa = XCBuildConfiguration;
			buildSettings = {
				ALWAYS_SEARCH_USER_PATHS = NO;
				CLANG_ANALYZER_NONNULL = YES;
				CLANG_ANALYZER_NUMBER_OBJECT_CONVERSION = YES_AGGRESSIVE;
				CLANG_CXX_LANGUAGE_STANDARD = "gnu++14";
				CLANG_CXX_LIBRARY = "libc++";
				CLANG_ENABLE_MODULES = YES;
				CLANG_ENABLE_OBJC_ARC = YES;
				CLANG_ENABLE_OBJC_WEAK = YES;
				CLANG_WARN_BLOCK_CAPTURE_AUTORELEASING = YES;
				CLANG_WARN_BOOL_CONVERSION = YES;
				CLANG_WARN_COMMA = YES;
				CLANG_WARN_CONSTANT_CONVERSION = YES;
				CLANG_WARN_DEPRECATED_OBJC_IMPLEMENTATIONS = YES;
				CLANG_WARN_DIRECT_OBJC_ISA_USAGE = YES_ERROR;
				CLANG_WARN_DOCUMENTATION_COMMENTS = YES;
				CLANG_WARN_EMPTY_BODY = YES;
				CLANG_WARN_ENUM_CONVERSION = YES;
				CLANG_WARN_INFINITE_RECURSION = YES;
				CLANG_WARN_INT_CONVERSION = YES;
				CLANG_WARN_NON_LITERAL_NULL_CONVERSION = YES;
				CLANG_WARN_OBJC_IMPLICIT_RETAIN_SELF = YES;
				CLANG_WARN_OBJC_LITERAL_CONVERSION = YES;
				CLANG_WARN_OBJC_ROOT_CLASS = YES_ERROR;
				CLANG_WARN_QUOTED_INCLUDE_IN_FRAMEWORK_HEADER = YES;
				CLANG_WARN_RANGE_LOOP_ANALYSIS = YES;
				CLANG_WARN_STRICT_PROTOTYPES = YES;
				CLANG_WARN_SUSPICIOUS_MOVE = YES;
				CLANG_WARN_UNGUARDED_AVAILABILITY = YES_AGGRESSIVE;
				CLANG_WARN_UNREACHABLE_CODE = YES;
				CLANG_WARN__DUPLICATE_METHOD_MATCH = YES;
				COPY_PHASE_STRIP = NO;
				DEBUG_INFORMATION_FORMAT = "dwarf-with-dsym";
				ENABLE_NS_ASSERTIONS = NO;
				ENABLE_STRICT_OBJC_MSGSEND = YES;
				GCC_C_LANGUAGE_STANDARD = gnu11;
				GCC_NO_COMMON_BLOCKS = YES;
				GCC_WARN_64_TO_32_BIT_CONVERSION = YES;
				GCC_WARN_ABOUT_RETURN_TYPE = YES_ERROR;
				GCC_WARN_UNDECLARED_SELECTOR = YES;
				GCC_WARN_UNINITIALIZED_AUTOS = YES_AGGRESSIVE;
				GCC_WARN_UNUSED_FUNCTION = YES;
				GCC_WARN_UNUSED_VARIABLE = YES;
				IPHONEOS_DEPLOYMENT_TARGET = 14.4;
				MTL_ENABLE_DEBUG_INFO = NO;
				MTL_FAST_MATH = YES;
				SDKROOT = iphoneos;
				SWIFT_COMPILATION_MODE = wholemodule;
				SWIFT_OPTIMIZATION_LEVEL = "-O";
				VALIDATE_PRODUCT = YES;
			};
			name = Release;
		};
		CE9BA98425DC477600F0A60C /* Debug */ = {
			isa = XCBuildConfiguration;
			baseConfigurationReference = A0BA18670DA39800A5B94D3B /* Pods-ClientVK.debug.xcconfig */;
			buildSettings = {
				ASSETCATALOG_COMPILER_APPICON_NAME = AppIcon;
				ASSETCATALOG_COMPILER_GLOBAL_ACCENT_COLOR_NAME = AccentColor;
				CODE_SIGN_STYLE = Automatic;
				DEVELOPMENT_TEAM = XT64G8FBNG;
				INFOPLIST_FILE = ClientVK/Info.plist;
				LD_RUNPATH_SEARCH_PATHS = (
					"$(inherited)",
					"@executable_path/Frameworks",
				);
				PRODUCT_BUNDLE_IDENTIFIER = "ru.HomeWork-Swift-molkovd.ClientVK";
				PRODUCT_NAME = "$(TARGET_NAME)";
				SWIFT_VERSION = 5.0;
				TARGETED_DEVICE_FAMILY = "1,2";
			};
			name = Debug;
		};
		CE9BA98525DC477600F0A60C /* Release */ = {
			isa = XCBuildConfiguration;
			baseConfigurationReference = 76511A9A900621C24321CB8C /* Pods-ClientVK.release.xcconfig */;
			buildSettings = {
				ASSETCATALOG_COMPILER_APPICON_NAME = AppIcon;
				ASSETCATALOG_COMPILER_GLOBAL_ACCENT_COLOR_NAME = AccentColor;
				CODE_SIGN_STYLE = Automatic;
				DEVELOPMENT_TEAM = XT64G8FBNG;
				INFOPLIST_FILE = ClientVK/Info.plist;
				LD_RUNPATH_SEARCH_PATHS = (
					"$(inherited)",
					"@executable_path/Frameworks",
				);
				PRODUCT_BUNDLE_IDENTIFIER = "ru.HomeWork-Swift-molkovd.ClientVK";
				PRODUCT_NAME = "$(TARGET_NAME)";
				SWIFT_VERSION = 5.0;
				TARGETED_DEVICE_FAMILY = "1,2";
			};
			name = Release;
		};
/* End XCBuildConfiguration section */

/* Begin XCConfigurationList section */
		CE9BA96A25DC477400F0A60C /* Build configuration list for PBXProject "ClientVK" */ = {
			isa = XCConfigurationList;
			buildConfigurations = (
				CE9BA98125DC477600F0A60C /* Debug */,
				CE9BA98225DC477600F0A60C /* Release */,
			);
			defaultConfigurationIsVisible = 0;
			defaultConfigurationName = Release;
		};
		CE9BA98325DC477600F0A60C /* Build configuration list for PBXNativeTarget "ClientVK" */ = {
			isa = XCConfigurationList;
			buildConfigurations = (
				CE9BA98425DC477600F0A60C /* Debug */,
				CE9BA98525DC477600F0A60C /* Release */,
			);
			defaultConfigurationIsVisible = 0;
			defaultConfigurationName = Release;
		};
/* End XCConfigurationList section */
	};
	rootObject = CE9BA96725DC477400F0A60C /* Project object */;
}
